
Microsoft Visual Studio Solution File, Format Version 12.00
# Visual Studio Version 17
VisualStudioVersion = 17.6.33723.286
MinimumVisualStudioVersion = 10.0.40219.1
Project("{8BC9CEB8-8B4A-11D0-8D11-00A0C91BC942}") = "Window", "Window\Window.vcxproj", "{5041B6B9-A327-4F03-9A09-A36DECA293CA}"
EndProject
Project("{8BC9CEB8-8B4A-11D0-8D11-00A0C91BC942}") = "Dsr", "Dsr\Dsr.vcxproj", "{347FB692-6385-4A6A-9D84-5D07E960A9A2}"
EndProject
Project("{8BC9CEB8-8B4A-11D0-8D11-00A0C91BC942}") = "InitDirectX", "InitDirectX\InitDirectX.vcxproj", "{D0D25814-122E-4CAE-8034-4C492F4E9292}"
EndProject
Project("{8BC9CEB8-8B4A-11D0-8D11-00A0C91BC942}") = "BasicRenderer", "BasicRenderer\BasicRenderer.vcxproj", "{3B61EC6C-DC6D-446C-BB57-B2D14EF0D9DE}"
EndProject
Global
	GlobalSection(SolutionConfigurationPlatforms) = preSolution
		Debug|x64 = Debug|x64
		Release|x64 = Release|x64
	EndGlobalSection
	GlobalSection(ProjectConfigurationPlatforms) = postSolution
		{5041B6B9-A327-4F03-9A09-A36DECA293CA}.Debug|x64.ActiveCfg = Debug|x64
		{5041B6B9-A327-4F03-9A09-A36DECA293CA}.Debug|x64.Build.0 = Debug|x64
		{5041B6B9-A327-4F03-9A09-A36DECA293CA}.Release|x64.ActiveCfg = Release|x64
		{5041B6B9-A327-4F03-9A09-A36DECA293CA}.Release|x64.Build.0 = Release|x64
		{347FB692-6385-4A6A-9D84-5D07E960A9A2}.Debug|x64.ActiveCfg = Debug|x64
		{347FB692-6385-4A6A-9D84-5D07E960A9A2}.Debug|x64.Build.0 = Debug|x64
		{347FB692-6385-4A6A-9D84-5D07E960A9A2}.Release|x64.ActiveCfg = Release|x64
		{347FB692-6385-4A6A-9D84-5D07E960A9A2}.Release|x64.Build.0 = Release|x64
		{D0D25814-122E-4CAE-8034-4C492F4E9292}.Debug|x64.ActiveCfg = Debug|x64
		{D0D25814-122E-4CAE-8034-4C492F4E9292}.Debug|x64.Build.0 = Debug|x64
		{D0D25814-122E-4CAE-8034-4C492F4E9292}.Release|x64.ActiveCfg = Release|x64
		{D0D25814-122E-4CAE-8034-4C492F4E9292}.Release|x64.Build.0 = Release|x64
		{3B61EC6C-DC6D-446C-BB57-B2D14EF0D9DE}.Debug|x64.ActiveCfg = Debug|x64
		{3B61EC6C-DC6D-446C-BB57-B2D14EF0D9DE}.Debug|x64.Build.0 = Debug|x64
		{3B61EC6C-DC6D-446C-BB57-B2D14EF0D9DE}.Release|x64.ActiveCfg = Release|x64
		{3B61EC6C-DC6D-446C-BB57-B2D14EF0D9DE}.Release|x64.Build.0 = Release|x64
	EndGlobalSection
	GlobalSection(SolutionProperties) = preSolution
		HideSolutionNode = FALSE
	EndGlobalSection
	GlobalSection(ExtensibilityGlobals) = postSolution
		SolutionGuid = {31DAF8D4-E834-4CBD-8DCA-6361004F3DE8}
	EndGlobalSection
EndGlobal
